{
  "name": "webpack-study",
  "version": "1.0.0",
  "lockfileVersion": 1,
  "requires": true,
  "dependencies": {
    "vue2-preview": {
      "version": "1.0.1",
      "resolved": "https://registry.npmjs.org/vue2-preview/-/vue2-preview-1.0.1.tgz",
      "integrity": "sha512-ukFKfS47nYEwr0IP4N62i0jQBRYMsGXnYbXexp2/FrBInC20vBeYwfq+IopjI8rieO0F37L1189VtumQ+zK0vg==",
      "requires": {
        "photoswipe": "4.1.2"
      },
      "dependencies": {
        "photoswipe": {
          "version": "4.1.2",
          "resolved": "https://registry.npmjs.org/photoswipe/-/photoswipe-4.1.2.tgz",
          "integrity": "sha1-lcIKdc6iO3DWKZZBytguA8rn95c="
        }
      }
    }
  }
}
